
Microsoft Visual Studio Solution File, Format Version 12.00
# Visual Studio Version 16
VisualStudioVersion = 16.0.30204.135
MinimumVisualStudioVersion = 10.0.40219.1
Project("{FAE04EC0-301F-11D3-BF4B-00C04F79EFBC}") = "UI", "UI\UI.csproj", "{2626CC2C-6C27-4D60-A740-F3A204B190F5}"
EndProject
Project("{FAE04EC0-301F-11D3-BF4B-00C04F79EFBC}") = "DAL", "DAL\DAL.csproj", "{187BF53B-0F9D-43AD-B009-8B287B79A3A9}"
EndProject
Project("{FAE04EC0-301F-11D3-BF4B-00C04F79EFBC}") = "BLL", "BLL\BLL.csproj", "{06D5DE61-B40A-423C-8BA7-631744733334}"
EndProject
Global
	GlobalSection(SolutionConfigurationPlatforms) = preSolution
		Debug|Any CPU = Debug|Any CPU
		Release|Any CPU = Release|Any CPU
	EndGlobalSection
	GlobalSection(ProjectConfigurationPlatforms) = postSolution
		{2626CC2C-6C27-4D60-A740-F3A204B190F5}.Debug|Any CPU.ActiveCfg = Debug|Any CPU
		{2626CC2C-6C27-4D60-A740-F3A204B190F5}.Debug|Any CPU.Build.0 = Debug|Any CPU
		{2626CC2C-6C27-4D60-A740-F3A204B190F5}.Release|Any CPU.ActiveCfg = Release|Any CPU
		{2626CC2C-6C27-4D60-A740-F3A204B190F5}.Release|Any CPU.Build.0 = Release|Any CPU
		{187BF53B-0F9D-43AD-B009-8B287B79A3A9}.Debug|Any CPU.ActiveCfg = Debug|Any CPU
		{187BF53B-0F9D-43AD-B009-8B287B79A3A9}.Debug|Any CPU.Build.0 = Debug|Any CPU
		{187BF53B-0F9D-43AD-B009-8B287B79A3A9}.Release|Any CPU.ActiveCfg = Release|Any CPU
		{187BF53B-0F9D-43AD-B009-8B287B79A3A9}.Release|Any CPU.Build.0 = Release|Any CPU
		{06D5DE61-B40A-423C-8BA7-631744733334}.Debug|Any CPU.ActiveCfg = Debug|Any CPU
		{06D5DE61-B40A-423C-8BA7-631744733334}.Debug|Any CPU.Build.0 = Debug|Any CPU
		{06D5DE61-B40A-423C-8BA7-631744733334}.Release|Any CPU.ActiveCfg = Release|Any CPU
		{06D5DE61-B40A-423C-8BA7-631744733334}.Release|Any CPU.Build.0 = Release|Any CPU
	EndGlobalSection
	GlobalSection(SolutionProperties) = preSolution
		HideSolutionNode = FALSE
	EndGlobalSection
	GlobalSection(ExtensibilityGlobals) = postSolution
		SolutionGuid = {7FFEFD95-FC7B-47FD-883A-49EA95C170B7}
	EndGlobalSection
EndGlobal
